{
  "nodes": {
    "codeium": {
      "flake": false,
      "locked": {
        "lastModified": 1692209571,
        "narHash": "sha256-EVDpzE/q4TDOBVEn1M2UYICWh3KZrCChCcKPO5A6dz8=",
        "owner": "Exafunction",
        "repo": "codeium.vim",
        "rev": "512acc2a0057f3f351674a7c2851651bf607fe8e",
        "type": "github"
      },
      "original": {
        "owner": "Exafunction",
        "repo": "codeium.vim",
        "type": "github"
      }
    },
    "comment-nvim": {
      "flake": false,
      "locked": {
        "lastModified": 1691409559,
        "narHash": "sha256-+dF1ZombrlO6nQggufSb0igXW5zwU++o0W/5ZA07cdc=",
        "owner": "numToStr",
        "repo": "Comment.nvim",
        "rev": "0236521ea582747b58869cb72f70ccfa967d2e89",
        "type": "github"
      },
      "original": {
        "owner": "numToStr",
        "repo": "Comment.nvim",
        "type": "github"
      }
    },
    "devicons": {
      "flake": false,
      "locked": {
        "lastModified": 1692224430,
        "narHash": "sha256-6iuZbUi7MA69/wIMijCWj3J1s2RrCWKxQ/l7fWDnOF0=",
        "owner": "kyazdani42",
        "repo": "nvim-web-devicons",
        "rev": "cfc8824cc1db316a276b36517f093baccb8e799a",
        "type": "github"
      },
      "original": {
        "owner": "kyazdani42",
        "repo": "nvim-web-devicons",
        "type": "github"
      }
    },
    "flake-utils": {
      "inputs": {
        "systems": "systems"
      },
      "locked": {
        "lastModified": 1689068808,
        "narHash": "sha256-6ixXo3wt24N/melDWjq70UuHQLxGV8jZvooRanIHXw0=",
        "owner": "numtide",
        "repo": "flake-utils",
        "rev": "919d646de7be200f3bf08cb76ae1f09402b6f9b4",
        "type": "github"
      },
      "original": {
        "owner": "numtide",
        "repo": "flake-utils",
        "type": "github"
      }
    },
    "fugitive": {
      "flake": false,
      "locked": {
        "lastModified": 1688507093,
        "narHash": "sha256-JAlILa/7A9L10nWJh7IIfhdNn1tpVSKyhuc0oGTekvg=",
        "owner": "tpope",
        "repo": "vim-fugitive",
        "rev": "b3b838d690f315a503ec4af8c634bdff3b200aaf",
        "type": "github"
      },
      "original": {
        "owner": "tpope",
        "repo": "vim-fugitive",
        "type": "github"
      }
    },
    "gitgutter": {
      "flake": false,
      "locked": {
        "lastModified": 1692278085,
        "narHash": "sha256-IDBWlW3fQ3NmFwRw06nEmKfxnm3we4Mz8swdcYg0sJY=",
        "owner": "airblade",
        "repo": "vim-gitgutter",
        "rev": "5f525476f3ade40e60aa295a8a2a01c0935b0d61",
        "type": "github"
      },
      "original": {
        "owner": "airblade",
        "repo": "vim-gitgutter",
        "type": "github"
      }
    },
    "gitmessenger": {
      "flake": false,
      "locked": {
        "lastModified": 1661833086,
        "narHash": "sha256-SAnGSSjHbwlpkpyjlINr5rgL7M28W42bWGvQrkOQl1w=",
        "owner": "rhysd",
        "repo": "git-messenger.vim",
        "rev": "8a61bdfa351d4df9a9118ee1d3f45edbed617072",
        "type": "github"
      },
      "original": {
        "owner": "rhysd",
        "repo": "git-messenger.vim",
        "type": "github"
      }
    },
    "home-manager": {
      "inputs": {
        "nixpkgs": "nixpkgs"
      },
      "locked": {
        "lastModified": 1692260837,
        "narHash": "sha256-2FpkX1zl+7ni7djK7NeE1ZGupRUwZgjW+RPCSBgDf4k=",
        "owner": "nix-community",
        "repo": "home-manager",
        "rev": "6a94c1a59737783c282c4031555a289c28b961e4",
        "type": "github"
      },
      "original": {
        "id": "home-manager",
        "type": "indirect"
      }
    },
    "indent-blankline": {
      "flake": false,
      "locked": {
        "lastModified": 1688727830,
        "narHash": "sha256-efMRkxjbr6o7kSKAEn0Kaw8lsDubRmc1N0Kd1BZ3A7k=",
        "owner": "lukas-reineke",
        "repo": "indent-blankline.nvim",
        "rev": "4541d690816cb99a7fc248f1486aa87f3abce91c",
        "type": "github"
      },
      "original": {
        "owner": "lukas-reineke",
        "repo": "indent-blankline.nvim",
        "type": "github"
      }
    },
    "leap": {
      "flake": false,
      "locked": {
        "lastModified": 1690120911,
        "narHash": "sha256-9GFZ5CuR92kFGwh/ouqSSp14eOLZLpzpoFTEuYL7biQ=",
        "owner": "ggandor",
        "repo": "leap.nvim",
        "rev": "5efe985cf68fac3b6a6dfe7a75fbfaca8db2af9c",
        "type": "github"
      },
      "original": {
        "owner": "ggandor",
        "repo": "leap.nvim",
        "type": "github"
      }
    },
    "lualine": {
      "flake": false,
      "locked": {
        "lastModified": 1691046210,
        "narHash": "sha256-v8finXk+sLNaFMA7pSHhEu0WF5mhPYWHEKhl0IKBv8c=",
        "owner": "nvim-lualine",
        "repo": "lualine.nvim",
        "rev": "45e27ca739c7be6c49e5496d14fcf45a303c3a63",
        "type": "github"
      },
      "original": {
        "owner": "nvim-lualine",
        "repo": "lualine.nvim",
        "type": "github"
      }
    },
    "material": {
      "flake": false,
      "locked": {
        "lastModified": 1675960026,
        "narHash": "sha256-n60JXh/HLEihbbEV1A1a1reJOEUVj7jiAJqlq8JxcKk=",
        "owner": "kaicataldo",
        "repo": "material.vim",
        "rev": "b47e7f884cb606c19a20e8e520dfa10c3b3a52f9",
        "type": "github"
      },
      "original": {
        "owner": "kaicataldo",
        "repo": "material.vim",
        "type": "github"
      }
    },
    "nixpkgs": {
      "locked": {
        "lastModified": 1692264070,
        "narHash": "sha256-WepAkIL2UcHOj7JJiaFS/vxrA9lklQHv8p+xGL+7oQ0=",
        "owner": "NixOS",
        "repo": "nixpkgs",
        "rev": "42c25608aa2ad4e5d3716d8d63c606063513ba33",
        "type": "github"
      },
      "original": {
        "owner": "NixOS",
        "ref": "nixos-unstable",
        "repo": "nixpkgs",
        "type": "github"
      }
    },
    "nixpkgs_2": {
      "locked": {
        "lastModified": 1692128808,
        "narHash": "sha256-Di1Zm/P042NuwThMiZNrtmaAjd4Tm2qBOKHX7xUOfMk=",
        "owner": "nixos",
        "repo": "nixpkgs",
        "rev": "4ed9856be002a730234a1a1ed9dcd9dd10cbdb40",
        "type": "github"
      },
      "original": {
        "owner": "nixos",
        "ref": "nixpkgs-unstable",
        "repo": "nixpkgs",
        "type": "github"
      }
    },
    "nvim-colorizer": {
      "flake": false,
      "locked": {
        "lastModified": 1677493908,
        "narHash": "sha256-hShQabr+UafsP+yicWkHycWLTbPhOpRpoa9oTMMVZ9o=",
        "owner": "NvChad",
        "repo": "nvim-colorizer.lua",
        "rev": "dde3084106a70b9a79d48f426f6d6fec6fd203f7",
        "type": "github"
      },
      "original": {
        "owner": "NvChad",
        "repo": "nvim-colorizer.lua",
        "type": "github"
      }
    },
    "nvim-plugin-manager": {
      "locked": {
        "lastModified": 1692366044,
        "narHash": "sha256-kIpeW+JCmQZMJOjXClKTkYPPLX4NCJRHK77Qa5ZJafY=",
        "owner": "phenax",
        "repo": "nvim-flake-plugin-manager",
        "rev": "37116b276425d98875b050e345685937cea78542",
        "type": "github"
      },
      "original": {
        "owner": "phenax",
        "repo": "nvim-flake-plugin-manager",
        "type": "github"
      }
    },
    "nvim-tree": {
      "flake": false,
      "locked": {
        "lastModified": 1691998915,
        "narHash": "sha256-w7JnGajbBQqmhrjeHZ9RMMYxhZQFOdsuaI0C8FEtTRM=",
        "owner": "kyazdani42",
        "repo": "nvim-tree.lua",
        "rev": "18c7a3119839adc4599d838726deae662859c8b2",
        "type": "github"
      },
      "original": {
        "owner": "kyazdani42",
        "repo": "nvim-tree.lua",
        "type": "github"
      }
    },
    "plenary": {
      "flake": false,
      "locked": {
        "lastModified": 1689589150,
        "narHash": "sha256-oRtNcURQzrIRS3D88tWAl3HuFHxVJr8m/zzL7xoa/II=",
        "owner": "nvim-lua",
        "repo": "plenary.nvim",
        "rev": "267282a9ce242bbb0c5dc31445b6d353bed978bb",
        "type": "github"
      },
      "original": {
        "owner": "nvim-lua",
        "repo": "plenary.nvim",
        "type": "github"
      }
    },
    "rest-nvim": {
      "flake": false,
      "locked": {
        "lastModified": 1689535548,
        "narHash": "sha256-ePO6fcY7WgRr2hYtx33ax07PilgRG40euXDATXBmLqs=",
        "owner": "NTBBloodbath",
        "repo": "rest.nvim",
        "rev": "22673c848768ff25517154a5aebfebc0c77d0b4f",
        "type": "github"
      },
      "original": {
        "owner": "NTBBloodbath",
        "repo": "rest.nvim",
        "type": "github"
      }
    },
    "root": {
      "inputs": {
        "codeium": "codeium",
        "comment-nvim": "comment-nvim",
        "devicons": "devicons",
        "flake-utils": "flake-utils",
        "fugitive": "fugitive",
        "gitgutter": "gitgutter",
        "gitmessenger": "gitmessenger",
        "home-manager": "home-manager",
        "indent-blankline": "indent-blankline",
        "leap": "leap",
        "lualine": "lualine",
        "material": "material",
        "nixpkgs": "nixpkgs_2",
        "nvim-colorizer": "nvim-colorizer",
        "nvim-plugin-manager": "nvim-plugin-manager",
        "nvim-tree": "nvim-tree",
        "plenary": "plenary",
        "rest-nvim": "rest-nvim",
        "targets-vim": "targets-vim",
        "telescope": "telescope",
        "treesitter": "treesitter",
        "treesitter-context": "treesitter-context",
        "treesitter-playground": "treesitter-playground",
        "treesitter-textobjects": "treesitter-textobjects",
        "vim-autoclose": "vim-autoclose",
        "vim-autoread": "vim-autoread",
        "vim-bufkill": "vim-bufkill",
        "vim-surround": "vim-surround"
      }
    },
    "systems": {
      "locked": {
        "lastModified": 1681028828,
        "narHash": "sha256-Vy1rq5AaRuLzOxct8nz4T6wlgyUR7zLU309k9mBC768=",
        "owner": "nix-systems",
        "repo": "default",
        "rev": "da67096a3b9bf56a91d16901293e51ba5b49a27e",
        "type": "github"
      },
      "original": {
        "owner": "nix-systems",
        "repo": "default",
        "type": "github"
      }
    },
    "targets-vim": {
      "flake": false,
      "locked": {
        "lastModified": 1677060232,
        "narHash": "sha256-ByciCHWe74W0Qf0hzKzYx7A9yttxlG6B4p0hWU4VkVc=",
        "owner": "wellle",
        "repo": "targets.vim",
        "rev": "642d3a4ce306264b05ea3219920b13ea80931767",
        "type": "github"
      },
      "original": {
        "owner": "wellle",
        "repo": "targets.vim",
        "type": "github"
      }
    },
    "telescope": {
      "flake": false,
      "locked": {
        "lastModified": 1691627694,
        "narHash": "sha256-BU6LFfuloNDhGSFS55sehZAX6mIqpD+R4X+sfu8aZwQ=",
        "owner": "nvim-telescope",
        "repo": "telescope.nvim",
        "rev": "2d92125620417fbea82ec30303823e3cd69e90e8",
        "type": "github"
      },
      "original": {
        "owner": "nvim-telescope",
        "repo": "telescope.nvim",
        "type": "github"
      }
    },
    "treesitter": {
      "flake": false,
      "locked": {
        "lastModified": 1692348520,
        "narHash": "sha256-shpvze6vyiYZeje4UB+DQy4j4405kp3wE1pBUMPsuD8=",
        "owner": "nvim-treesitter",
        "repo": "nvim-treesitter",
        "rev": "add1864bbf2d3b8e789ec6b4715bb5a4073e3b60",
        "type": "github"
      },
      "original": {
        "owner": "nvim-treesitter",
        "repo": "nvim-treesitter",
        "type": "github"
      }
    },
    "treesitter-context": {
      "flake": false,
      "locked": {
        "lastModified": 1692350923,
        "narHash": "sha256-XRWiOebIZwW+8XV47alhluaWMQjPqtrJHP+mN4KRQLs=",
        "owner": "nvim-treesitter",
        "repo": "nvim-treesitter-context",
        "rev": "5dd8c2121170f806c3d0689d9e0dd24250e4f342",
        "type": "github"
      },
      "original": {
        "owner": "nvim-treesitter",
        "repo": "nvim-treesitter-context",
        "type": "github"
      }
    },
    "treesitter-playground": {
      "flake": false,
      "locked": {
        "lastModified": 1681577603,
        "narHash": "sha256-2wSTVSkuEvTAq3tB5yLw13WWpp1lAycCL4U1BKMm8Kw=",
        "owner": "nvim-treesitter",
        "repo": "playground",
        "rev": "2b81a018a49f8e476341dfcb228b7b808baba68b",
        "type": "github"
      },
      "original": {
        "owner": "nvim-treesitter",
        "repo": "playground",
        "type": "github"
      }
    },
    "treesitter-textobjects": {
      "flake": false,
      "locked": {
        "lastModified": 1692309282,
        "narHash": "sha256-uotK1DWc8/StEHAKtBSrOjCU27pWDZ8i8k4C3sOruks=",
        "owner": "nvim-treesitter",
        "repo": "nvim-treesitter-textobjects",
        "rev": "56272167a6dead91c47c02dbdbfe1ae5643c59f5",
        "type": "github"
      },
      "original": {
        "owner": "nvim-treesitter",
        "repo": "nvim-treesitter-textobjects",
        "type": "github"
      }
    },
    "vim-autoclose": {
      "flake": false,
      "locked": {
        "lastModified": 1348933982,
        "narHash": "sha256-7bjPfwRAjGuKlh+IXZGEUTRoy/yYfkqtNeln8yBKU4o=",
        "owner": "Townk",
        "repo": "vim-autoclose",
        "rev": "a9a3b7384657bc1f60a963fd6c08c63fc48d61c3",
        "type": "github"
      },
      "original": {
        "owner": "Townk",
        "repo": "vim-autoclose",
        "type": "github"
      }
    },
    "vim-autoread": {
      "flake": false,
      "locked": {
        "lastModified": 1691511602,
        "narHash": "sha256-fSADjNt1V9jgAPjxggbh7Nogcxyisi18KaVve8j+c3w=",
        "owner": "djoshea",
        "repo": "vim-autoread",
        "rev": "24061f84652d768bfb85d222c88580b3af138dab",
        "type": "github"
      },
      "original": {
        "owner": "djoshea",
        "repo": "vim-autoread",
        "type": "github"
      }
    },
    "vim-bufkill": {
      "flake": false,
      "locked": {
        "lastModified": 1650339529,
        "narHash": "sha256-rolvtTZM7nTXKtRGvqegc1jLi9Wjf4mZ+VNSN3/83Mk=",
        "owner": "qpkorr",
        "repo": "vim-bufkill",
        "rev": "3113181d0c1bfb8719f3ddcd2e2f35a8d763d1e5",
        "type": "github"
      },
      "original": {
        "owner": "qpkorr",
        "repo": "vim-bufkill",
        "type": "github"
      }
    },
    "vim-surround": {
      "flake": false,
      "locked": {
        "lastModified": 1666730476,
        "narHash": "sha256-DZE5tkmnT+lAvx/RQHaDEgEJXRKsy56KJY919xiH1lE=",
        "owner": "tpope",
        "repo": "vim-surround",
        "rev": "3d188ed2113431cf8dac77be61b842acb64433d9",
        "type": "github"
      },
      "original": {
        "owner": "tpope",
        "repo": "vim-surround",
        "type": "github"
      }
    }
  },
  "root": "root",
  "version": 7
}
