{
  "BQN": { "branch": "master", "commit": "f4a34bde3c4b771f4608a4bb576d1dc993ba2a9a" },
  "blink.cmp": { "branch": "main", "commit": "3536ce464e82843b00c76718d9bfe1994647d686" },
  "codecompanion.nvim": { "branch": "main", "commit": "28eab4386b04dc222de6c27349ea5ae0d1a92866" },
  "copilot.vim": { "branch": "release", "commit": "12995dffe10282b29b8335650bf3e7457f4870e7" },
  "diffview.nvim": { "branch": "main", "commit": "4516612fe98ff56ae0415a259ff6361a89419b0a" },
  "friendly-snippets": { "branch": "main", "commit": "572f5660cf05f8cd8834e096d7b4c921ba18e175" },
  "git-messenger.vim": { "branch": "master", "commit": "fd124457378a295a5d1036af4954b35d6b807385" },
  "lazy.nvim": { "branch": "main", "commit": "6c3bda4aca61a13a9c63f1c1d1b16b9d3be90d7a" },
  "mini.icons": { "branch": "main", "commit": "94848dad1589a199f876539bd79befb0c5e3abf0" },
  "mini.surround": { "branch": "main", "commit": "1a2b59c77a0c4713a5bd8972da322f842f4821b1" },
  "nvim-autopairs": { "branch": "master", "commit": "23320e75953ac82e559c610bec5a90d9c6dfa743" },
  "nvim-bqf": { "branch": "main", "commit": "9cbec7cf8ad2a902a0a41241ad16c3489620321b" },
  "nvim-lspconfig": { "branch": "master", "commit": "d005da998edad401524504d03c7a88a56d125224" },
  "nvim-treesitter": { "branch": "master", "commit": "42fc28ba918343ebfd5565147a42a26580579482" },
  "nvim-treesitter-context": { "branch": "master", "commit": "59f318a65d42a5c4037796886a8874fd57f774fc" },
  "nvim-treesitter-textobjects": { "branch": "master", "commit": "89ebe73cd2836db80a22d9748999ace0241917a5" },
  "nvim-ts-autotag": { "branch": "main", "commit": "a1d526af391f6aebb25a8795cbc05351ed3620b5" },
  "oil.nvim": { "branch": "master", "commit": "bbad9a76b2617ce1221d49619e4e4b659b3c61fc" },
  "orgmode": { "branch": "master", "commit": "468570f42d7b0a402d407a993344e29dcb6f2c8e" },
  "plenary.nvim": { "branch": "master", "commit": "857c5ac632080dba10aae49dba902ce3abf91b35" },
  "rest.nvim": { "branch": "main", "commit": "de9726ab956e30202aafbcdea83c1d6bffe54227" },
  "snacks.nvim": { "branch": "main", "commit": "bc0630e43be5699bb94dadc302c0d21615421d93" },
  "telescope-egrepify.nvim": { "branch": "master", "commit": "a8070970a661330c4e00450d25f874f6c2b00af9" },
  "telescope.nvim": { "branch": "master", "commit": "b4da76be54691e854d3e0e02c36b0245f945c2c7" },
  "treesj": { "branch": "main", "commit": "3b4a2bc42738a63de17e7485d4cc5e49970ddbcc" },
  "treewalker.nvim": { "branch": "main", "commit": "860772d82f1ce2adc475638b454da89a8d2382e4" },
  "uiua.vim": { "branch": "main", "commit": "b6b5651d60b96825f60c9d598a39d1eae1069e45" },
  "vim-fugitive": { "branch": "master", "commit": "d3e2b58dec75fc6012fecc82ce0d33a45ed0560e" },
  "vim-gitgutter": { "branch": "main", "commit": "85ca3a087204e3a32cb2faa5d9d0451524e08720" },
  "vim-polyglot": { "branch": "master", "commit": "f5393cfee07aeb666f4d75f9b3a83163862fb094" }
}
