{
  "BQN": { "branch": "master", "commit": "7266b2792698473b3f7ddddfd9df1f280d9a31c3" },
  "Comment.nvim": { "branch": "master", "commit": "e30b7f2008e52442154b66f7c519bfd2f1e32acb" },
  "LuaSnip": { "branch": "master", "commit": "03c8e67eb7293c404845b3982db895d59c0d1538" },
  "aerial.nvim": { "branch": "master", "commit": "eeebf32fcb365c860248fee785ae5923831bf2ad" },
  "buffer_manager.nvim": { "branch": "main", "commit": "fd36131b2b3e0f03fd6353ae2ffc88cf920b3bbb" },
  "cmp-buffer": { "branch": "main", "commit": "3022dbc9166796b644a841a02de8dd1cc1d311fa" },
  "cmp-calc": { "branch": "main", "commit": "5947b412da67306c5b68698a02a846760059be2e" },
  "cmp-cmdline": { "branch": "main", "commit": "d250c63aa13ead745e3a40f61fdd3470efde3923" },
  "cmp-nvim-lsp": { "branch": "main", "commit": "39e2eda76828d88b773cc27a3f61d2ad782c922d" },
  "cmp-nvim-lsp-document-symbol": { "branch": "main", "commit": "f94f7ba948e32cd302caba1c2ca3f7c697fb4fcf" },
  "cmp-nvim-lsp-signature-help": { "branch": "main", "commit": "031e6ba70b0ad5eee49fd2120ff7a2e325b17fa7" },
  "cmp-path": { "branch": "main", "commit": "91ff86cd9c29299a64f968ebb45846c485725f23" },
  "cmp-treesitter": { "branch": "master", "commit": "958fcfa0d8ce46d215e19cc3992c542f576c4123" },
  "cmp_luasnip": { "branch": "master", "commit": "05a9ab28b53f71d1aece421ef32fee2cb857a843" },
  "detour.nvim": { "branch": "main", "commit": "705b562888e2a7e9d5bac5b858b88d698a049220" },
  "flash.nvim": { "branch": "main", "commit": "34c7be146a91fec3555c33fe89c7d643f6ef5cf1" },
  "friendly-snippets": { "branch": "main", "commit": "00ebcaa159e817150bd83bfe2d51fa3b3377d5c4" },
  "git-messenger.vim": { "branch": "master", "commit": "8a61bdfa351d4df9a9118ee1d3f45edbed617072" },
  "headlines.nvim": { "branch": "master", "commit": "618ef1b2502c565c82254ef7d5b04402194d9ce3" },
  "incline.nvim": { "branch": "main", "commit": "16fc9c073e3ea4175b66ad94375df6d73fc114c0" },
  "lazy.nvim": { "branch": "main", "commit": "077102c5bfc578693f12377846d427f49bc50076" },
  "lspkind-nvim": { "branch": "master", "commit": "cff4ae321a91ee3473a92ea1a8c637e3a9510aec" },
  "lua-utils.nvim": { "branch": "main", "commit": "e565749421f4bbb5d2e85e37c3cef9d56553d8bd" },
  "material.vim": { "branch": "main", "commit": "cecac931e8bd9e3d2cbb7c1e24ddb98887176f68" },
  "mini.files": { "branch": "main", "commit": "05c861ff4066a9d20233ec776e9ec894ab9f19fe" },
  "neorg": { "branch": "main", "commit": "09deca2ba5adcf1a729d1e3abf64438d7ce4d7ee" },
  "neorg-hop-extras": { "branch": "main", "commit": "f349ab3e9a52d214f1af6122cd087218b2722c81" },
  "neorg-telescope": { "branch": "main", "commit": "ddb2556644cae922699a239bbb0fe16e25b084b7" },
  "nui.nvim": { "branch": "main", "commit": "61574ce6e60c815b0a0c4b5655b8486ba58089a1" },
  "nvim-autopairs": { "branch": "master", "commit": "48ca9aaee733911424646cb1605f27bc01dedbe3" },
  "nvim-bqf": { "branch": "main", "commit": "1b24dc6050c34e8cd377b6b4cd6abe40509e0187" },
  "nvim-cmp": { "branch": "main", "commit": "ae644feb7b67bf1ce4260c231d1d4300b19c6f30" },
  "nvim-colorizer.lua": { "branch": "master", "commit": "194ec600488f7c7229668d0e80bd197f3a2b84ff" },
  "nvim-lspconfig": { "branch": "master", "commit": "a89de2e049b5f89a0ee55029d5a31213bd4de6f8" },
  "nvim-nio": { "branch": "master", "commit": "a428f309119086dc78dd4b19306d2d67be884eee" },
  "nvim-treesitter": { "branch": "master", "commit": "63e1337f1b60c84a4100ebedfb1dc80924c49122" },
  "nvim-treesitter-context": { "branch": "master", "commit": "0f3332788e0bd37716fbd25f39120dcfd557c90f" },
  "nvim-treesitter-textobjects": { "branch": "master", "commit": "ced6375723b20616282f9f6a1018a63ae19b106a" },
  "nvim-ts-autotag": { "branch": "main", "commit": "0cb76eea80e9c73b88880f0ca78fbd04c5bdcac7" },
  "nvim-ts-context-commentstring": { "branch": "main", "commit": "375c2d86cee6674afd75b4f727ce3a80065552f7" },
  "nvim-web-devicons": { "branch": "master", "commit": "3722e3d1fb5fe1896a104eb489e8f8651260b520" },
  "pathlib.nvim": { "branch": "main", "commit": "7a5a6facd29e306bc73a37719fa67c0d2226f852" },
  "playground": { "branch": "master", "commit": "ba48c6a62a280eefb7c85725b0915e021a1a0749" },
  "plenary.nvim": { "branch": "master", "commit": "a3e3bc82a3f95c5ed0d7201546d5d2c19b20d683" },
  "popup.nvim": { "branch": "master", "commit": "b7404d35d5d3548a82149238289fa71f7f6de4ac" },
  "rest.nvim": { "branch": "main", "commit": "1ce984c694345f3801bc656072f9a8dd51286a04" },
  "supermaven-nvim": { "branch": "main", "commit": "d71257f431e190d9236d7f30da4c2d659389e91f" },
  "telescope-egrepify.nvim": { "branch": "master", "commit": "a30396791c3f67b8f34d42dfc26db2f868ae9154" },
  "telescope.nvim": { "branch": "master", "commit": "5972437de807c3bc101565175da66a1aa4f8707a" },
  "treesj": { "branch": "main", "commit": "0d81326b5afd36babe7dd480aabbb0b05f33e688" },
  "vim-bbye": { "branch": "master", "commit": "25ef93ac5a87526111f43e5110675032dbcacf56" },
  "vim-devicons": { "branch": "master", "commit": "71f239af28b7214eebb60d4ea5bd040291fb7e33" },
  "vim-fugitive": { "branch": "master", "commit": "0444df68cd1cdabc7453d6bd84099458327e5513" },
  "vim-gitgutter": { "branch": "main", "commit": "7b0b5098e3e57be86bb96cfbf2b8902381eef57c" },
  "vim-illuminate": { "branch": "master", "commit": "5eeb7951fc630682c322e88a9bbdae5c224ff0aa" },
  "vim-polyglot": { "branch": "master", "commit": "bc8a81d3592dab86334f27d1d43c080ebf680d42" },
  "vim-surround": { "branch": "master", "commit": "3d188ed2113431cf8dac77be61b842acb64433d9" }
}
