{
  "BQN": { "branch": "master", "commit": "c13c9a194d978839873a5e17a401d161001b73d8" },
  "Comment.nvim": { "branch": "master", "commit": "e30b7f2008e52442154b66f7c519bfd2f1e32acb" },
  "LuaSnip": { "branch": "master", "commit": "03c8e67eb7293c404845b3982db895d59c0d1538" },
  "aerial.nvim": { "branch": "master", "commit": "2aeafd99937602fc40609ffffbdd2f99d77343e9" },
  "buffer_manager.nvim": { "branch": "main", "commit": "f196217f7c1ddae74ed51dfc2c3befe6d62b26d1" },
  "cmp-buffer": { "branch": "main", "commit": "3022dbc9166796b644a841a02de8dd1cc1d311fa" },
  "cmp-calc": { "branch": "main", "commit": "5947b412da67306c5b68698a02a846760059be2e" },
  "cmp-cmdline": { "branch": "main", "commit": "d250c63aa13ead745e3a40f61fdd3470efde3923" },
  "cmp-nvim-lsp": { "branch": "main", "commit": "99290b3ec1322070bcfb9e846450a46f6efa50f0" },
  "cmp-nvim-lsp-document-symbol": { "branch": "main", "commit": "f94f7ba948e32cd302caba1c2ca3f7c697fb4fcf" },
  "cmp-nvim-lsp-signature-help": { "branch": "main", "commit": "031e6ba70b0ad5eee49fd2120ff7a2e325b17fa7" },
  "cmp-path": { "branch": "main", "commit": "91ff86cd9c29299a64f968ebb45846c485725f23" },
  "cmp-treesitter": { "branch": "master", "commit": "958fcfa0d8ce46d215e19cc3992c542f576c4123" },
  "cmp_luasnip": { "branch": "master", "commit": "98d9cb5c2c38532bd9bdb481067b20fea8f32e90" },
  "codecompanion.nvim": { "branch": "main", "commit": "323029ba3f174ac461bec064b859cb4aabdf0f22" },
  "copilot.vim": { "branch": "release", "commit": "87038123804796ca7af20d1b71c3428d858a9124" },
  "diffview.nvim": { "branch": "main", "commit": "4516612fe98ff56ae0415a259ff6361a89419b0a" },
  "flash.nvim": { "branch": "main", "commit": "34c7be146a91fec3555c33fe89c7d643f6ef5cf1" },
  "friendly-snippets": { "branch": "main", "commit": "efff286dd74c22f731cdec26a70b46e5b203c619" },
  "git-messenger.vim": { "branch": "master", "commit": "edc603d4cda7894a743e383e16c638e206d03148" },
  "image.nvim": { "branch": "master", "commit": "6ffafab2e98b5bda46bf227055aa84b90add8cdc" },
  "incline.nvim": { "branch": "main", "commit": "16fc9c073e3ea4175b66ad94375df6d73fc114c0" },
  "lazy.nvim": { "branch": "main", "commit": "d8f26efd456190241afd1b0f5235fe6fdba13d4a" },
  "lspkind-nvim": { "branch": "master", "commit": "d79a1c3299ad0ef94e255d045bed9fa26025dab6" },
  "lua-utils.nvim": { "branch": "main", "commit": "e565749421f4bbb5d2e85e37c3cef9d56553d8bd" },
  "mini.ai": { "branch": "main", "commit": "c5eca32719cad6976fee95d88fd82db921a5edf7" },
  "mini.icons": { "branch": "main", "commit": "910db5df9724d65371182948f921fce23c2c881e" },
  "mini.surround": { "branch": "main", "commit": "f90069c7441a5fb04c3de42eacf93e16b64dd3eb" },
  "neorg": { "branch": "main", "commit": "3f0f1b9165f37bbcc1e18f1e654e70cf45b5b60d" },
  "neorg-hop-extras": { "branch": "main", "commit": "f349ab3e9a52d214f1af6122cd087218b2722c81" },
  "neorg-telescope": { "branch": "main", "commit": "ddb2556644cae922699a239bbb0fe16e25b084b7" },
  "nui.nvim": { "branch": "main", "commit": "53e907ffe5eedebdca1cd503b00aa8692068ca46" },
  "nvim-autopairs": { "branch": "master", "commit": "3d02855468f94bf435db41b661b58ec4f48a06b7" },
  "nvim-bqf": { "branch": "main", "commit": "ebb6d2689e4427452180f17c53f29f7e460236f1" },
  "nvim-cmp": { "branch": "main", "commit": "12509903a5723a876abd65953109f926f4634c30" },
  "nvim-colorizer.lua": { "branch": "master", "commit": "2933cb5b547b8a2dba20e8087d488462ad5bc6bc" },
  "nvim-lspconfig": { "branch": "master", "commit": "bf81bef7d75a0f4a0cf61462b318ea00b3c97cc8" },
  "nvim-nio": { "branch": "master", "commit": "21f5324bfac14e22ba26553caf69ec76ae8a7662" },
  "nvim-treesitter": { "branch": "master", "commit": "13f4346876f394973ff676670304a2b734174538" },
  "nvim-treesitter-context": { "branch": "master", "commit": "bece284c5322ddf6946fa4bdc383a2bc033269d7" },
  "nvim-treesitter-textobjects": { "branch": "master", "commit": "ad8f0a472148c3e0ae9851e26a722ee4e29b1595" },
  "nvim-ts-autotag": { "branch": "main", "commit": "1cca23c9da708047922d3895a71032bc0449c52d" },
  "nvim-ts-context-commentstring": { "branch": "main", "commit": "1b212c2eee76d787bbea6aa5e92a2b534e7b4f8f" },
  "oil.nvim": { "branch": "master", "commit": "add50252b5e9147c0a09d36480d418c7e2737472" },
  "orgmode": { "branch": "master", "commit": "4f62b7f7227aabb99e271e07c5a18e86c51cfd10" },
  "pathlib.nvim": { "branch": "main", "commit": "57e5598af6fe253761c1b48e0b59b7cd6699e2c1" },
  "plenary.nvim": { "branch": "master", "commit": "3707cdb1e43f5cea73afb6037e6494e7ce847a66" },
  "rainbow-delimiters.nvim": { "branch": "master", "commit": "85b80abaa09cbbc039e3095b2f515b3cf8cadd11" },
  "rest.nvim": { "branch": "main", "commit": "62606c3599bd304227457d6e20580965939b191e" },
  "snacks.nvim": { "branch": "main", "commit": "20e5b0fdbff6c113e989538408f15ef2fcdc1986" },
  "telescope-egrepify.nvim": { "branch": "master", "commit": "a8070970a661330c4e00450d25f874f6c2b00af9" },
  "telescope.nvim": { "branch": "master", "commit": "415af52339215926d705cccc08145f3782c4d132" },
  "treesj": { "branch": "main", "commit": "48c1a7539f376fd40ceb9cf12d697040fcf90649" },
  "treewalker.nvim": { "branch": "main", "commit": "222914228b1bf5e0133bb18dfce663acc948fed3" },
  "uiua.vim": { "branch": "main", "commit": "b6b5651d60b96825f60c9d598a39d1eae1069e45" },
  "vim-fugitive": { "branch": "master", "commit": "d74a7cff4cfcf84f83cc7eccfa365488f3bbabc2" },
  "vim-gitgutter": { "branch": "main", "commit": "7b0b5098e3e57be86bb96cfbf2b8902381eef57c" },
  "vim-polyglot": { "branch": "master", "commit": "f5393cfee07aeb666f4d75f9b3a83163862fb094" }
}
